
Microsoft Visual Studio Solution File, Format Version 12.00
# Visual Studio Version 17
VisualStudioVersion = 17.4.33110.190
MinimumVisualStudioVersion = 10.0.40219.1
Project("{FAE04EC0-301F-11D3-BF4B-00C04F79EFBC}") = "SimpleCrud_dotnet_desktopApp", "SimpleCrud_dotnet_desktopApp.csproj", "{57675DF0-0ACE-43A7-B521-E87E799C009E}"
EndProject
Global
	GlobalSection(SolutionConfigurationPlatforms) = preSolution
		Debug|Any CPU = Debug|Any CPU
		Release|Any CPU = Release|Any CPU
	EndGlobalSection
	GlobalSection(ProjectConfigurationPlatforms) = postSolution
		{57675DF0-0ACE-43A7-B521-E87E799C009E}.Debug|Any CPU.ActiveCfg = Debug|Any CPU
		{57675DF0-0ACE-43A7-B521-E87E799C009E}.Debug|Any CPU.Build.0 = Debug|Any CPU
		{57675DF0-0ACE-43A7-B521-E87E799C009E}.Release|Any CPU.ActiveCfg = Release|Any CPU
		{57675DF0-0ACE-43A7-B521-E87E799C009E}.Release|Any CPU.Build.0 = Release|Any CPU
	EndGlobalSection
	GlobalSection(SolutionProperties) = preSolution
		HideSolutionNode = FALSE
	EndGlobalSection
	GlobalSection(ExtensibilityGlobals) = postSolution
		SolutionGuid = {3A80CA43-3A77-4529-83C4-B3087EC630E8}
	EndGlobalSection
EndGlobal
